
Microsoft Visual Studio Solution File, Format Version 12.00
# Visual Studio Version 17
VisualStudioVersion = 17.14.36301.6 d17.14
MinimumVisualStudioVersion = 10.0.40219.1
Project("{FAE04EC0-301F-11D3-BF4B-00C04F79EFBC}") = "Topic3-assignment", "Topic3-assignment\Topic3-assignment.csproj", "{5175F453-37EB-4191-BEB2-5032B12E4346}"
EndProject
Global
	GlobalSection(SolutionConfigurationPlatforms) = preSolution
		Debug|Any CPU = Debug|Any CPU
		Release|Any CPU = Release|Any CPU
	EndGlobalSection
	GlobalSection(ProjectConfigurationPlatforms) = postSolution
		{5175F453-37EB-4191-BEB2-5032B12E4346}.Debug|Any CPU.ActiveCfg = Debug|Any CPU
		{5175F453-37EB-4191-BEB2-5032B12E4346}.Debug|Any CPU.Build.0 = Debug|Any CPU
		{5175F453-37EB-4191-BEB2-5032B12E4346}.Release|Any CPU.ActiveCfg = Release|Any CPU
		{5175F453-37EB-4191-BEB2-5032B12E4346}.Release|Any CPU.Build.0 = Release|Any CPU
	EndGlobalSection
	GlobalSection(SolutionProperties) = preSolution
		HideSolutionNode = FALSE
	EndGlobalSection
	GlobalSection(ExtensibilityGlobals) = postSolution
		SolutionGuid = {EAF5DB0B-4BF9-4E6E-B165-0AE89DC81CC5}
	EndGlobalSection
EndGlobal
